// !$*UTF8*$!
{
	archiveVersion = 1;
	classes = {
	};
	objectVersion = 46;
	objects = {

/* Begin PBXBuildFile section */
		375DB5951618C63100555321 /* farenheit.cpp in Sources */ = {isa = PBXBuildFile; fileRef = 375DB5931618C63100555321 /* farenheit.cpp */; };
/* End PBXBuildFile section */

/* Begin PBXCopyFilesBuildPhase section */
		375DB5841618C60200555321 /* CopyFiles */ = {
			isa = PBXCopyFilesBuildPhase;
			buildActionMask = 2147483647;
			dstPath = /usr/share/man/man1/;
			dstSubfolderSpec = 0;
			files = (
			);
			runOnlyForDeploymentPostprocessing = 1;
		};
/* End PBXCopyFilesBuildPhase section */

/* Begin PBXFileReference section */
		375DB5861618C60200555321 /* October1 */ = {isa = PBXFileReference; explicitFileType = "compiled.mach-o.executable"; includeInIndex = 0; path = October1; sourceTree = BUILT_PRODUCTS_DIR; };
		375DB5931618C63100555321 /* farenheit.cpp */ = {isa = PBXFileReference; fileEncoding = 4; lastKnownFileType = sourcecode.cpp.cpp; path = farenheit.cpp; sourceTree = "<group>"; };
/* End PBXFileReference section */

/* Begin PBXFrameworksBuildPhase section */
		375DB5831618C60200555321 /* Frameworks */ = {
			isa = PBXFrameworksBuildPhase;
			buildActionMask = 2147483647;
			files = (
			);
			runOnlyForDeploymentPostprocessing = 0;
		};
/* End PBXFrameworksBuildPhase section */

/* Begin PBXGroup section */
		375DB57B1618C60200555321 = {
			isa = PBXGroup;
			children = (
				375DB5891618C60200555321 /* October1 */,
				375DB5871618C60200555321 /* Products */,
			);
			sourceTree = "<group>";
		};
		375DB5871618C60200555321 /* Products */ = {
			isa = PBXGroup;
			children = (
				375DB5861618C60200555321 /* October1 */,
			);
			name = Products;
			sourceTree = "<group>";
		};
		375DB5891618C60200555321 /* October1 */ = {
			isa = PBXGroup;
			children = (
				375DB5931618C63100555321 /* farenheit.cpp */,
			);
			path = October1;
			sourceTree = "<group>";
		};
/* End PBXGroup section */

/* Begin PBXNativeTarget section */
		375DB5851618C60200555321 /* October1 */ = {
			isa = PBXNativeTarget;
			buildConfigurationList = 375DB5901618C60200555321 /* Build configuration list for PBXNativeTarget "October1" */;
			buildPhases = (
				375DB5821618C60200555321 /* Sources */,
				375DB5831618C60200555321 /* Frameworks */,
				375DB5841618C60200555321 /* CopyFiles */,
			);
			buildRules = (
			);
			dependencies = (
			);
			name = October1;
			productName = October1;
			productReference = 375DB5861618C60200555321 /* October1 */;
			productType = "com.apple.product-type.tool";
		};
/* End PBXNativeTarget section */

/* Begin PBXProject section */
		375DB57D1618C60200555321 /* Project object */ = {
			isa = PBXProject;
			attributes = {
				LastUpgradeCheck = 0450;
				ORGANIZATIONNAME = "Daniel Walsh";
			};
			buildConfigurationList = 375DB5801618C60200555321 /* Build configuration list for PBXProject "October1" */;
			compatibilityVersion = "Xcode 3.2";
			developmentRegion = English;
			hasScannedForEncodings = 0;
			knownRegions = (
				en,
			);
			mainGroup = 375DB57B1618C60200555321;
			productRefGroup = 375DB5871618C60200555321 /* Products */;
			projectDirPath = "";
			projectRoot = "";
			targets = (
				375DB5851618C60200555321 /* October1 */,
			);
		};
/* End PBXProject section */

/* Begin PBXSourcesBuildPhase section */
		375DB5821618C60200555321 /* Sources */ = {
			isa = PBXSourcesBuildPhase;
			buildActionMask = 2147483647;
			files = (
				375DB5951618C63100555321 /* farenheit.cpp in Sources */,
			);
			runOnlyForDeploymentPostprocessing = 0;
		};
/* End PBXSourcesBuildPhase section */

/* Begin XCBuildConfiguration section */
		375DB58E1618C60200555321 /* Debug */ = {
			isa = XCBuildConfiguration;
			buildSettings = {
				ALWAYS_SEARCH_USER_PATHS = NO;
				ARCHS = "$(ARCHS_STANDARD_64_BIT)";
				CLANG_CXX_LANGUAGE_STANDARD = "gnu++0x";
				CLANG_CXX_LIBRARY = "libc++";
				CLANG_WARN_EMPTY_BODY = YES;
				CLANG_WARN__DUPLICATE_METHOD_MATCH = YES;
				COPY_PHASE_STRIP = NO;
				GCC_C_LANGUAGE_STANDARD = gnu99;
				GCC_DYNAMIC_NO_PIC = NO;
				GCC_ENABLE_OBJC_EXCEPTIONS = YES;
				GCC_OPTIMIZATION_LEVEL = 0;
				GCC_PREPROCESSOR_DEFINITIONS = (
					"DEBUG=1",
					"$(inherited)",
				);
				GCC_SYMBOLS_PRIVATE_EXTERN = NO;
				GCC_WARN_64_TO_32_BIT_CONVERSION = YES;
				GCC_WARN_ABOUT_RETURN_TYPE = YES;
				GCC_WARN_UNINITIALIZED_AUTOS = YES;
				GCC_WARN_UNUSED_VARIABLE = YES;
				MACOSX_DEPLOYMENT_TARGET = 10.8;
				ONLY_ACTIVE_ARCH = YES;
				SDKROOT = macosx;
			};
			name = Debug;
		};
		375DB58F1618C60200555321 /* Release */ = {
			isa = XCBuildConfiguration;
			buildSettings = {
				ALWAYS_SEARCH_USER_PATHS = NO;
				ARCHS = "$(ARCHS_STANDARD_64_BIT)";
				CLANG_CXX_LANGUAGE_STANDARD = "gnu++0x";
				CLANG_CXX_LIBRARY = "libc++";
				CLANG_WARN_EMPTY_BODY = YES;
				CLANG_WARN__DUPLICATE_METHOD_MATCH = YES;
				COPY_PHASE_STRIP = YES;
				DEBUG_INFORMATION_FORMAT = "dwarf-with-dsym";
				GCC_C_LANGUAGE_STANDARD = gnu99;
				GCC_ENABLE_OBJC_EXCEPTIONS = YES;
				GCC_WARN_64_TO_32_BIT_CONVERSION = YES;
				GCC_WARN_ABOUT_RETURN_TYPE = YES;
				GCC_WARN_UNINITIALIZED_AUTOS = YES;
				GCC_WARN_UNUSED_VARIABLE = YES;
				MACOSX_DEPLOYMENT_TARGET = 10.8;
				SDKROOT = macosx;
			};
			name = Release;
		};
		375DB5911618C60200555321 /* Debug */ = {
			isa = XCBuildConfiguration;
			buildSettings = {
				PRODUCT_NAME = "$(TARGET_NAME)";
			};
			name = Debug;
		};
		375DB5921618C60200555321 /* Release */ = {
			isa = XCBuildConfiguration;
			buildSettings = {
				PRODUCT_NAME = "$(TARGET_NAME)";
			};
			name = Release;
		};
/* End XCBuildConfiguration section */

/* Begin XCConfigurationList section */
		375DB5801618C60200555321 /* Build configuration list for PBXProject "October1" */ = {
			isa = XCConfigurationList;
			buildConfigurations = (
				375DB58E1618C60200555321 /* Debug */,
				375DB58F1618C60200555321 /* Release */,
			);
			defaultConfigurationIsVisible = 0;
			defaultConfigurationName = Release;
		};
		375DB5901618C60200555321 /* Build configuration list for PBXNativeTarget "October1" */ = {
			isa = XCConfigurationList;
			buildConfigurations = (
				375DB5911618C60200555321 /* Debug */,
				375DB5921618C60200555321 /* Release */,
			);
			defaultConfigurationIsVisible = 0;
		};
/* End XCConfigurationList section */
	};
	rootObject = 375DB57D1618C60200555321 /* Project object */;
}
